
Microsoft Visual Studio Solution File, Format Version 12.00
# Visual Studio 2017
Project("{FAE04EC0-301F-11D3-BF4B-00C04F79EFBC}") = "CapacityViewer", "CapacityViewer.csproj", "{10710F40-568A-012B-74C3-EBE1C163BCE8}"
EndProject
Project("{FAE04EC0-301F-11D3-BF4B-00C04F79EFBC}") = "CapacityViewer.Editor", "CapacityViewer.Editor.csproj", "{B1BA6DF5-EBCF-99E0-02D0-B253CD87BAA7}"
EndProject
Global
	GlobalSection(SolutionConfigurationPlatforms) = preSolution
		Debug|Any CPU = Debug|Any CPU
		Release|Any CPU = Release|Any CPU
	EndGlobalSection
	GlobalSection(ProjectConfigurationPlatforms) = postSolution
		{10710F40-568A-012B-74C3-EBE1C163BCE8}.Debug|Any CPU.ActiveCfg = Debug|Any CPU
		{10710F40-568A-012B-74C3-EBE1C163BCE8}.Debug|Any CPU.Build.0 = Debug|Any CPU
		{10710F40-568A-012B-74C3-EBE1C163BCE8}.Release|Any CPU.ActiveCfg = Release|Any CPU
		{10710F40-568A-012B-74C3-EBE1C163BCE8}.Release|Any CPU.Build.0 = Release|Any CPU
		{B1BA6DF5-EBCF-99E0-02D0-B253CD87BAA7}.Debug|Any CPU.ActiveCfg = Debug|Any CPU
		{B1BA6DF5-EBCF-99E0-02D0-B253CD87BAA7}.Debug|Any CPU.Build.0 = Debug|Any CPU
		{B1BA6DF5-EBCF-99E0-02D0-B253CD87BAA7}.Release|Any CPU.ActiveCfg = Release|Any CPU
		{B1BA6DF5-EBCF-99E0-02D0-B253CD87BAA7}.Release|Any CPU.Build.0 = Release|Any CPU
	EndGlobalSection
	GlobalSection(SolutionProperties) = preSolution
		HideSolutionNode = FALSE
	EndGlobalSection
EndGlobal
