
Microsoft Visual Studio Solution File, Format Version 12.00
# Visual Studio 15
VisualStudioVersion = 15.0.27004.2006
MinimumVisualStudioVersion = 10.0.40219.1
Project("{FAE04EC0-301F-11D3-BF4B-00C04F79EFBC}") = "UdpConnectionNew", "UdpConnectionNew\UdpConnectionNew.csproj", "{13A45C13-3265-47B8-BC48-A553B569DF55}"
EndProject
Project("{FAE04EC0-301F-11D3-BF4B-00C04F79EFBC}") = "Assembly-CSharp", "..\Assembly-CSharp.csproj", "{E5D1BCE0-6F6F-B932-AA1E-3F38EF1B2FD0}"
EndProject
Global
	GlobalSection(SolutionConfigurationPlatforms) = preSolution
		Debug|Any CPU = Debug|Any CPU
		Debug|ARM = Debug|ARM
		Debug|x64 = Debug|x64
		Debug|x86 = Debug|x86
		Master|Any CPU = Master|Any CPU
		Master|ARM = Master|ARM
		Master|x64 = Master|x64
		Master|x86 = Master|x86
		Release|Any CPU = Release|Any CPU
		Release|ARM = Release|ARM
		Release|x64 = Release|x64
		Release|x86 = Release|x86
	EndGlobalSection
	GlobalSection(ProjectConfigurationPlatforms) = postSolution
		{13A45C13-3265-47B8-BC48-A553B569DF55}.Debug|Any CPU.ActiveCfg = Debug|x86
		{13A45C13-3265-47B8-BC48-A553B569DF55}.Debug|ARM.ActiveCfg = Debug|ARM
		{13A45C13-3265-47B8-BC48-A553B569DF55}.Debug|ARM.Build.0 = Debug|ARM
		{13A45C13-3265-47B8-BC48-A553B569DF55}.Debug|ARM.Deploy.0 = Debug|ARM
		{13A45C13-3265-47B8-BC48-A553B569DF55}.Debug|x64.ActiveCfg = Debug|x64
		{13A45C13-3265-47B8-BC48-A553B569DF55}.Debug|x64.Build.0 = Debug|x64
		{13A45C13-3265-47B8-BC48-A553B569DF55}.Debug|x64.Deploy.0 = Debug|x64
		{13A45C13-3265-47B8-BC48-A553B569DF55}.Debug|x86.ActiveCfg = Debug|x86
		{13A45C13-3265-47B8-BC48-A553B569DF55}.Debug|x86.Build.0 = Debug|x86
		{13A45C13-3265-47B8-BC48-A553B569DF55}.Debug|x86.Deploy.0 = Debug|x86
		{13A45C13-3265-47B8-BC48-A553B569DF55}.Master|Any CPU.ActiveCfg = Master|x86
		{13A45C13-3265-47B8-BC48-A553B569DF55}.Master|ARM.ActiveCfg = Master|ARM
		{13A45C13-3265-47B8-BC48-A553B569DF55}.Master|ARM.Build.0 = Master|ARM
		{13A45C13-3265-47B8-BC48-A553B569DF55}.Master|ARM.Deploy.0 = Master|ARM
		{13A45C13-3265-47B8-BC48-A553B569DF55}.Master|x64.ActiveCfg = Master|x64
		{13A45C13-3265-47B8-BC48-A553B569DF55}.Master|x64.Build.0 = Master|x64
		{13A45C13-3265-47B8-BC48-A553B569DF55}.Master|x64.Deploy.0 = Master|x64
		{13A45C13-3265-47B8-BC48-A553B569DF55}.Master|x86.ActiveCfg = Master|x86
		{13A45C13-3265-47B8-BC48-A553B569DF55}.Master|x86.Build.0 = Master|x86
		{13A45C13-3265-47B8-BC48-A553B569DF55}.Master|x86.Deploy.0 = Master|x86
		{13A45C13-3265-47B8-BC48-A553B569DF55}.Release|Any CPU.ActiveCfg = Release|x86
		{13A45C13-3265-47B8-BC48-A553B569DF55}.Release|ARM.ActiveCfg = Release|ARM
		{13A45C13-3265-47B8-BC48-A553B569DF55}.Release|ARM.Build.0 = Release|ARM
		{13A45C13-3265-47B8-BC48-A553B569DF55}.Release|ARM.Deploy.0 = Release|ARM
		{13A45C13-3265-47B8-BC48-A553B569DF55}.Release|x64.ActiveCfg = Release|x64
		{13A45C13-3265-47B8-BC48-A553B569DF55}.Release|x64.Build.0 = Release|x64
		{13A45C13-3265-47B8-BC48-A553B569DF55}.Release|x64.Deploy.0 = Release|x64
		{13A45C13-3265-47B8-BC48-A553B569DF55}.Release|x86.ActiveCfg = Release|x86
		{13A45C13-3265-47B8-BC48-A553B569DF55}.Release|x86.Build.0 = Release|x86
		{13A45C13-3265-47B8-BC48-A553B569DF55}.Release|x86.Deploy.0 = Release|x86
		{E5D1BCE0-6F6F-B932-AA1E-3F38EF1B2FD0}.Debug|Any CPU.ActiveCfg = Debug|Any CPU
		{E5D1BCE0-6F6F-B932-AA1E-3F38EF1B2FD0}.Debug|Any CPU.Build.0 = Debug|Any CPU
		{E5D1BCE0-6F6F-B932-AA1E-3F38EF1B2FD0}.Debug|ARM.ActiveCfg = Debug|Any CPU
		{E5D1BCE0-6F6F-B932-AA1E-3F38EF1B2FD0}.Debug|ARM.Build.0 = Debug|Any CPU
		{E5D1BCE0-6F6F-B932-AA1E-3F38EF1B2FD0}.Debug|x64.ActiveCfg = Debug|Any CPU
		{E5D1BCE0-6F6F-B932-AA1E-3F38EF1B2FD0}.Debug|x64.Build.0 = Debug|Any CPU
		{E5D1BCE0-6F6F-B932-AA1E-3F38EF1B2FD0}.Debug|x86.ActiveCfg = Debug|Any CPU
		{E5D1BCE0-6F6F-B932-AA1E-3F38EF1B2FD0}.Debug|x86.Build.0 = Debug|Any CPU
		{E5D1BCE0-6F6F-B932-AA1E-3F38EF1B2FD0}.Master|Any CPU.ActiveCfg = Release|Any CPU
		{E5D1BCE0-6F6F-B932-AA1E-3F38EF1B2FD0}.Master|Any CPU.Build.0 = Release|Any CPU
		{E5D1BCE0-6F6F-B932-AA1E-3F38EF1B2FD0}.Master|ARM.ActiveCfg = Release|Any CPU
		{E5D1BCE0-6F6F-B932-AA1E-3F38EF1B2FD0}.Master|ARM.Build.0 = Release|Any CPU
		{E5D1BCE0-6F6F-B932-AA1E-3F38EF1B2FD0}.Master|x64.ActiveCfg = Release|Any CPU
		{E5D1BCE0-6F6F-B932-AA1E-3F38EF1B2FD0}.Master|x64.Build.0 = Release|Any CPU
		{E5D1BCE0-6F6F-B932-AA1E-3F38EF1B2FD0}.Master|x86.ActiveCfg = Release|Any CPU
		{E5D1BCE0-6F6F-B932-AA1E-3F38EF1B2FD0}.Master|x86.Build.0 = Release|Any CPU
		{E5D1BCE0-6F6F-B932-AA1E-3F38EF1B2FD0}.Release|Any CPU.ActiveCfg = Release|Any CPU
		{E5D1BCE0-6F6F-B932-AA1E-3F38EF1B2FD0}.Release|Any CPU.Build.0 = Release|Any CPU
		{E5D1BCE0-6F6F-B932-AA1E-3F38EF1B2FD0}.Release|ARM.ActiveCfg = Release|Any CPU
		{E5D1BCE0-6F6F-B932-AA1E-3F38EF1B2FD0}.Release|ARM.Build.0 = Release|Any CPU
		{E5D1BCE0-6F6F-B932-AA1E-3F38EF1B2FD0}.Release|x64.ActiveCfg = Release|Any CPU
		{E5D1BCE0-6F6F-B932-AA1E-3F38EF1B2FD0}.Release|x64.Build.0 = Release|Any CPU
		{E5D1BCE0-6F6F-B932-AA1E-3F38EF1B2FD0}.Release|x86.ActiveCfg = Release|Any CPU
		{E5D1BCE0-6F6F-B932-AA1E-3F38EF1B2FD0}.Release|x86.Build.0 = Release|Any CPU
	EndGlobalSection
	GlobalSection(SolutionProperties) = preSolution
		HideSolutionNode = FALSE
	EndGlobalSection
	GlobalSection(ExtensibilityGlobals) = postSolution
		SolutionGuid = {764BC7A1-B730-4A95-B217-7963F50C4AF9}
	EndGlobalSection
EndGlobal
